// !$*UTF8*$!
{
	archiveVersion = 1;
	classes = {
	};
	objectVersion = 56;
	objects = {

/* Begin PBXBuildFile section */
		1A276EE22A6C86DE0037838A /* TrueSleep Alarm Watch App.app in Embed Watch Content */ = {isa = PBXBuildFile; fileRef = 1A276EE12A6C86DE0037838A /* TrueSleep Alarm Watch App.app */; settings = {ATTRIBUTES = (RemoveHeadersOnCopy, ); }; };
		1A276EE72A6C86DE0037838A /* TrueSleep_AlarmApp.swift in Sources */ = {isa = PBXBuildFile; fileRef = 1A276EE62A6C86DE0037838A /* TrueSleep_AlarmApp.swift */; };
		1A276EE92A6C86DE0037838A /* ContentView.swift in Sources */ = {isa = PBXBuildFile; fileRef = 1A276EE82A6C86DE0037838A /* ContentView.swift */; };
		1A276EEB2A6C86E10037838A /* Assets.xcassets in Resources */ = {isa = PBXBuildFile; fileRef = 1A276EEA2A6C86E10037838A /* Assets.xcassets */; };
		1A276EEE2A6C86E10037838A /* Preview Assets.xcassets in Resources */ = {isa = PBXBuildFile; fileRef = 1A276EED2A6C86E10037838A /* Preview Assets.xcassets */; };
		1A276EF82A6C86E20037838A /* TrueSleep_Alarm_Watch_AppTests.swift in Sources */ = {isa = PBXBuildFile; fileRef = 1A276EF72A6C86E20037838A /* TrueSleep_Alarm_Watch_AppTests.swift */; };
		1A276F022A6C86E20037838A /* TrueSleep_Alarm_Watch_AppUITests.swift in Sources */ = {isa = PBXBuildFile; fileRef = 1A276F012A6C86E20037838A /* TrueSleep_Alarm_Watch_AppUITests.swift */; };
		1A276F042A6C86E20037838A /* TrueSleep_Alarm_Watch_AppUITestsLaunchTests.swift in Sources */ = {isa = PBXBuildFile; fileRef = 1A276F032A6C86E20037838A /* TrueSleep_Alarm_Watch_AppUITestsLaunchTests.swift */; };
/* End PBXBuildFile section */

/* Begin PBXContainerItemProxy section */
		1A276EE32A6C86DE0037838A /* PBXContainerItemProxy */ = {
			isa = PBXContainerItemProxy;
			containerPortal = 1A276ED52A6C86DE0037838A /* Project object */;
			proxyType = 1;
			remoteGlobalIDString = 1A276EE02A6C86DE0037838A;
			remoteInfo = "TrueSleep Alarm Watch App";
		};
		1A276EF42A6C86E20037838A /* PBXContainerItemProxy */ = {
			isa = PBXContainerItemProxy;
			containerPortal = 1A276ED52A6C86DE0037838A /* Project object */;
			proxyType = 1;
			remoteGlobalIDString = 1A276EE02A6C86DE0037838A;
			remoteInfo = "TrueSleep Alarm Watch App";
		};
		1A276EFE2A6C86E20037838A /* PBXContainerItemProxy */ = {
			isa = PBXContainerItemProxy;
			containerPortal = 1A276ED52A6C86DE0037838A /* Project object */;
			proxyType = 1;
			remoteGlobalIDString = 1A276EE02A6C86DE0037838A;
			remoteInfo = "TrueSleep Alarm Watch App";
		};
/* End PBXContainerItemProxy section */

/* Begin PBXCopyFilesBuildPhase section */
		1A276F0A2A6C86E20037838A /* Embed Watch Content */ = {
			isa = PBXCopyFilesBuildPhase;
			buildActionMask = 2147483647;
			dstPath = "$(CONTENTS_FOLDER_PATH)/Watch";
			dstSubfolderSpec = 16;
			files = (
				1A276EE22A6C86DE0037838A /* TrueSleep Alarm Watch App.app in Embed Watch Content */,
			);
			name = "Embed Watch Content";
			runOnlyForDeploymentPostprocessing = 0;
		};
/* End PBXCopyFilesBuildPhase section */

/* Begin PBXFileReference section */
		1A276EDB2A6C86DE0037838A /* TrueSleep Alarm.app */ = {isa = PBXFileReference; explicitFileType = wrapper.application; includeInIndex = 0; path = "TrueSleep Alarm.app"; sourceTree = BUILT_PRODUCTS_DIR; };
		1A276EE12A6C86DE0037838A /* TrueSleep Alarm Watch App.app */ = {isa = PBXFileReference; explicitFileType = wrapper.application; includeInIndex = 0; path = "TrueSleep Alarm Watch App.app"; sourceTree = BUILT_PRODUCTS_DIR; };
		1A276EE62A6C86DE0037838A /* TrueSleep_AlarmApp.swift */ = {isa = PBXFileReference; lastKnownFileType = sourcecode.swift; path = TrueSleep_AlarmApp.swift; sourceTree = "<group>"; };
		1A276EE82A6C86DE0037838A /* ContentView.swift */ = {isa = PBXFileReference; lastKnownFileType = sourcecode.swift; path = ContentView.swift; sourceTree = "<group>"; };
		1A276EEA2A6C86E10037838A /* Assets.xcassets */ = {isa = PBXFileReference; lastKnownFileType = folder.assetcatalog; path = Assets.xcassets; sourceTree = "<group>"; };
		1A276EED2A6C86E10037838A /* Preview Assets.xcassets */ = {isa = PBXFileReference; lastKnownFileType = folder.assetcatalog; path = "Preview Assets.xcassets"; sourceTree = "<group>"; };
		1A276EF32A6C86E20037838A /* TrueSleep Alarm Watch AppTests.xctest */ = {isa = PBXFileReference; explicitFileType = wrapper.cfbundle; includeInIndex = 0; path = "TrueSleep Alarm Watch AppTests.xctest"; sourceTree = BUILT_PRODUCTS_DIR; };
		1A276EF72A6C86E20037838A /* TrueSleep_Alarm_Watch_AppTests.swift */ = {isa = PBXFileReference; lastKnownFileType = sourcecode.swift; path = TrueSleep_Alarm_Watch_AppTests.swift; sourceTree = "<group>"; };
		1A276EFD2A6C86E20037838A /* TrueSleep Alarm Watch AppUITests.xctest */ = {isa = PBXFileReference; explicitFileType = wrapper.cfbundle; includeInIndex = 0; path = "TrueSleep Alarm Watch AppUITests.xctest"; sourceTree = BUILT_PRODUCTS_DIR; };
		1A276F012A6C86E20037838A /* TrueSleep_Alarm_Watch_AppUITests.swift */ = {isa = PBXFileReference; lastKnownFileType = sourcecode.swift; path = TrueSleep_Alarm_Watch_AppUITests.swift; sourceTree = "<group>"; };
		1A276F032A6C86E20037838A /* TrueSleep_Alarm_Watch_AppUITestsLaunchTests.swift */ = {isa = PBXFileReference; lastKnownFileType = sourcecode.swift; path = TrueSleep_Alarm_Watch_AppUITestsLaunchTests.swift; sourceTree = "<group>"; };
/* End PBXFileReference section */

/* Begin PBXFrameworksBuildPhase section */
		1A276EDE2A6C86DE0037838A /* Frameworks */ = {
			isa = PBXFrameworksBuildPhase;
			buildActionMask = 2147483647;
			files = (
			);
			runOnlyForDeploymentPostprocessing = 0;
		};
		1A276EF02A6C86E20037838A /* Frameworks */ = {
			isa = PBXFrameworksBuildPhase;
			buildActionMask = 2147483647;
			files = (
			);
			runOnlyForDeploymentPostprocessing = 0;
		};
		1A276EFA2A6C86E20037838A /* Frameworks */ = {
			isa = PBXFrameworksBuildPhase;
			buildActionMask = 2147483647;
			files = (
			);
			runOnlyForDeploymentPostprocessing = 0;
		};
/* End PBXFrameworksBuildPhase section */

/* Begin PBXGroup section */
		1A276ED42A6C86DE0037838A = {
			isa = PBXGroup;
			children = (
				1A276EE52A6C86DE0037838A /* TrueSleep Alarm Watch App */,
				1A276EF62A6C86E20037838A /* TrueSleep Alarm Watch AppTests */,
				1A276F002A6C86E20037838A /* TrueSleep Alarm Watch AppUITests */,
				1A276EDC2A6C86DE0037838A /* Products */,
			);
			sourceTree = "<group>";
		};
		1A276EDC2A6C86DE0037838A /* Products */ = {
			isa = PBXGroup;
			children = (
				1A276EDB2A6C86DE0037838A /* TrueSleep Alarm.app */,
				1A276EE12A6C86DE0037838A /* TrueSleep Alarm Watch App.app */,
				1A276EF32A6C86E20037838A /* TrueSleep Alarm Watch AppTests.xctest */,
				1A276EFD2A6C86E20037838A /* TrueSleep Alarm Watch AppUITests.xctest */,
			);
			name = Products;
			sourceTree = "<group>";
		};
		1A276EE52A6C86DE0037838A /* TrueSleep Alarm Watch App */ = {
			isa = PBXGroup;
			children = (
				1A276EE62A6C86DE0037838A /* TrueSleep_AlarmApp.swift */,
				1A276EE82A6C86DE0037838A /* ContentView.swift */,
				1A276EEA2A6C86E10037838A /* Assets.xcassets */,
				1A276EEC2A6C86E10037838A /* Preview Content */,
			);
			path = "TrueSleep Alarm Watch App";
			sourceTree = "<group>";
		};
		1A276EEC2A6C86E10037838A /* Preview Content */ = {
			isa = PBXGroup;
			children = (
				1A276EED2A6C86E10037838A /* Preview Assets.xcassets */,
			);
			path = "Preview Content";
			sourceTree = "<group>";
		};
		1A276EF62A6C86E20037838A /* TrueSleep Alarm Watch AppTests */ = {
			isa = PBXGroup;
			children = (
				1A276EF72A6C86E20037838A /* TrueSleep_Alarm_Watch_AppTests.swift */,
			);
			path = "TrueSleep Alarm Watch AppTests";
			sourceTree = "<group>";
		};
		1A276F002A6C86E20037838A /* TrueSleep Alarm Watch AppUITests */ = {
			isa = PBXGroup;
			children = (
				1A276F012A6C86E20037838A /* TrueSleep_Alarm_Watch_AppUITests.swift */,
				1A276F032A6C86E20037838A /* TrueSleep_Alarm_Watch_AppUITestsLaunchTests.swift */,
			);
			path = "TrueSleep Alarm Watch AppUITests";
			sourceTree = "<group>";
		};
/* End PBXGroup section */

/* Begin PBXNativeTarget section */
		1A276EDA2A6C86DE0037838A /* TrueSleep Alarm */ = {
			isa = PBXNativeTarget;
			buildConfigurationList = 1A276F0B2A6C86E20037838A /* Build configuration list for PBXNativeTarget "TrueSleep Alarm" */;
			buildPhases = (
				1A276ED92A6C86DE0037838A /* Resources */,
				1A276F0A2A6C86E20037838A /* Embed Watch Content */,
			);
			buildRules = (
			);
			dependencies = (
				1A276EE42A6C86DE0037838A /* PBXTargetDependency */,
			);
			name = "TrueSleep Alarm";
			productName = "TrueSleep Alarm";
			productReference = 1A276EDB2A6C86DE0037838A /* TrueSleep Alarm.app */;
			productType = "com.apple.product-type.application.watchapp2-container";
		};
		1A276EE02A6C86DE0037838A /* TrueSleep Alarm Watch App */ = {
			isa = PBXNativeTarget;
			buildConfigurationList = 1A276F072A6C86E20037838A /* Build configuration list for PBXNativeTarget "TrueSleep Alarm Watch App" */;
			buildPhases = (
				1A276EDD2A6C86DE0037838A /* Sources */,
				1A276EDE2A6C86DE0037838A /* Frameworks */,
				1A276EDF2A6C86DE0037838A /* Resources */,
			);
			buildRules = (
			);
			dependencies = (
			);
			name = "TrueSleep Alarm Watch App";
			productName = "TrueSleep Alarm Watch App";
			productReference = 1A276EE12A6C86DE0037838A /* TrueSleep Alarm Watch App.app */;
			productType = "com.apple.product-type.application";
		};
		1A276EF22A6C86E20037838A /* TrueSleep Alarm Watch AppTests */ = {
			isa = PBXNativeTarget;
			buildConfigurationList = 1A276F0E2A6C86E20037838A /* Build configuration list for PBXNativeTarget "TrueSleep Alarm Watch AppTests" */;
			buildPhases = (
				1A276EEF2A6C86E20037838A /* Sources */,
				1A276EF02A6C86E20037838A /* Frameworks */,
				1A276EF12A6C86E20037838A /* Resources */,
			);
			buildRules = (
			);
			dependencies = (
				1A276EF52A6C86E20037838A /* PBXTargetDependency */,
			);
			name = "TrueSleep Alarm Watch AppTests";
			productName = "TrueSleep Alarm Watch AppTests";
			productReference = 1A276EF32A6C86E20037838A /* TrueSleep Alarm Watch AppTests.xctest */;
			productType = "com.apple.product-type.bundle.unit-test";
		};
		1A276EFC2A6C86E20037838A /* TrueSleep Alarm Watch AppUITests */ = {
			isa = PBXNativeTarget;
			buildConfigurationList = 1A276F112A6C86E20037838A /* Build configuration list for PBXNativeTarget "TrueSleep Alarm Watch AppUITests" */;
			buildPhases = (
				1A276EF92A6C86E20037838A /* Sources */,
				1A276EFA2A6C86E20037838A /* Frameworks */,
				1A276EFB2A6C86E20037838A /* Resources */,
			);
			buildRules = (
			);
			dependencies = (
				1A276EFF2A6C86E20037838A /* PBXTargetDependency */,
			);
			name = "TrueSleep Alarm Watch AppUITests";
			productName = "TrueSleep Alarm Watch AppUITests";
			productReference = 1A276EFD2A6C86E20037838A /* TrueSleep Alarm Watch AppUITests.xctest */;
			productType = "com.apple.product-type.bundle.ui-testing";
		};
/* End PBXNativeTarget section */

/* Begin PBXProject section */
		1A276ED52A6C86DE0037838A /* Project object */ = {
			isa = PBXProject;
			attributes = {
				BuildIndependentTargetsInParallel = 1;
				LastSwiftUpdateCheck = 1430;
				LastUpgradeCheck = 1430;
				TargetAttributes = {
					1A276EDA2A6C86DE0037838A = {
						CreatedOnToolsVersion = 14.3.1;
					};
					1A276EE02A6C86DE0037838A = {
						CreatedOnToolsVersion = 14.3.1;
					};
					1A276EF22A6C86E20037838A = {
						CreatedOnToolsVersion = 14.3.1;
						TestTargetID = 1A276EE02A6C86DE0037838A;
					};
					1A276EFC2A6C86E20037838A = {
						CreatedOnToolsVersion = 14.3.1;
						TestTargetID = 1A276EE02A6C86DE0037838A;
					};
				};
			};
			buildConfigurationList = 1A276ED82A6C86DE0037838A /* Build configuration list for PBXProject "TrueSleep Alarm" */;
			compatibilityVersion = "Xcode 14.0";
			developmentRegion = en;
			hasScannedForEncodings = 0;
			knownRegions = (
				en,
				Base,
			);
			mainGroup = 1A276ED42A6C86DE0037838A;
			productRefGroup = 1A276EDC2A6C86DE0037838A /* Products */;
			projectDirPath = "";
			projectRoot = "";
			targets = (
				1A276EDA2A6C86DE0037838A /* TrueSleep Alarm */,
				1A276EE02A6C86DE0037838A /* TrueSleep Alarm Watch App */,
				1A276EF22A6C86E20037838A /* TrueSleep Alarm Watch AppTests */,
				1A276EFC2A6C86E20037838A /* TrueSleep Alarm Watch AppUITests */,
			);
		};
/* End PBXProject section */

/* Begin PBXResourcesBuildPhase section */
		1A276ED92A6C86DE0037838A /* Resources */ = {
			isa = PBXResourcesBuildPhase;
			buildActionMask = 2147483647;
			files = (
			);
			runOnlyForDeploymentPostprocessing = 0;
		};
		1A276EDF2A6C86DE0037838A /* Resources */ = {
			isa = PBXResourcesBuildPhase;
			buildActionMask = 2147483647;
			files = (
				1A276EEE2A6C86E10037838A /* Preview Assets.xcassets in Resources */,
				1A276EEB2A6C86E10037838A /* Assets.xcassets in Resources */,
			);
			runOnlyForDeploymentPostprocessing = 0;
		};
		1A276EF12A6C86E20037838A /* Resources */ = {
			isa = PBXResourcesBuildPhase;
			buildActionMask = 2147483647;
			files = (
			);
			runOnlyForDeploymentPostprocessing = 0;
		};
		1A276EFB2A6C86E20037838A /* Resources */ = {
			isa = PBXResourcesBuildPhase;
			buildActionMask = 2147483647;
			files = (
			);
			runOnlyForDeploymentPostprocessing = 0;
		};
/* End PBXResourcesBuildPhase section */

/* Begin PBXSourcesBuildPhase section */
		1A276EDD2A6C86DE0037838A /* Sources */ = {
			isa = PBXSourcesBuildPhase;
			buildActionMask = 2147483647;
			files = (
				1A276EE92A6C86DE0037838A /* ContentView.swift in Sources */,
				1A276EE72A6C86DE0037838A /* TrueSleep_AlarmApp.swift in Sources */,
			);
			runOnlyForDeploymentPostprocessing = 0;
		};
		1A276EEF2A6C86E20037838A /* Sources */ = {
			isa = PBXSourcesBuildPhase;
			buildActionMask = 2147483647;
			files = (
				1A276EF82A6C86E20037838A /* TrueSleep_Alarm_Watch_AppTests.swift in Sources */,
			);
			runOnlyForDeploymentPostprocessing = 0;
		};
		1A276EF92A6C86E20037838A /* Sources */ = {
			isa = PBXSourcesBuildPhase;
			buildActionMask = 2147483647;
			files = (
				1A276F042A6C86E20037838A /* TrueSleep_Alarm_Watch_AppUITestsLaunchTests.swift in Sources */,
				1A276F022A6C86E20037838A /* TrueSleep_Alarm_Watch_AppUITests.swift in Sources */,
			);
			runOnlyForDeploymentPostprocessing = 0;
		};
/* End PBXSourcesBuildPhase section */

/* Begin PBXTargetDependency section */
		1A276EE42A6C86DE0037838A /* PBXTargetDependency */ = {
			isa = PBXTargetDependency;
			target = 1A276EE02A6C86DE0037838A /* TrueSleep Alarm Watch App */;
			targetProxy = 1A276EE32A6C86DE0037838A /* PBXContainerItemProxy */;
		};
		1A276EF52A6C86E20037838A /* PBXTargetDependency */ = {
			isa = PBXTargetDependency;
			target = 1A276EE02A6C86DE0037838A /* TrueSleep Alarm Watch App */;
			targetProxy = 1A276EF42A6C86E20037838A /* PBXContainerItemProxy */;
		};
		1A276EFF2A6C86E20037838A /* PBXTargetDependency */ = {
			isa = PBXTargetDependency;
			target = 1A276EE02A6C86DE0037838A /* TrueSleep Alarm Watch App */;
			targetProxy = 1A276EFE2A6C86E20037838A /* PBXContainerItemProxy */;
		};
/* End PBXTargetDependency section */

/* Begin XCBuildConfiguration section */
		1A276F052A6C86E20037838A /* Debug */ = {
			isa = XCBuildConfiguration;
			buildSettings = {
				ALWAYS_SEARCH_USER_PATHS = NO;
				CLANG_ANALYZER_NONNULL = YES;
				CLANG_ANALYZER_NUMBER_OBJECT_CONVERSION = YES_AGGRESSIVE;
				CLANG_CXX_LANGUAGE_STANDARD = "gnu++20";
				CLANG_ENABLE_MODULES = YES;
				CLANG_ENABLE_OBJC_ARC = YES;
				CLANG_ENABLE_OBJC_WEAK = YES;
				CLANG_WARN_BLOCK_CAPTURE_AUTORELEASING = YES;
				CLANG_WARN_BOOL_CONVERSION = YES;
				CLANG_WARN_COMMA = YES;
				CLANG_WARN_CONSTANT_CONVERSION = YES;
				CLANG_WARN_DEPRECATED_OBJC_IMPLEMENTATIONS = YES;
				CLANG_WARN_DIRECT_OBJC_ISA_USAGE = YES_ERROR;
				CLANG_WARN_DOCUMENTATION_COMMENTS = YES;
				CLANG_WARN_EMPTY_BODY = YES;
				CLANG_WARN_ENUM_CONVERSION = YES;
				CLANG_WARN_INFINITE_RECURSION = YES;
				CLANG_WARN_INT_CONVERSION = YES;
				CLANG_WARN_NON_LITERAL_NULL_CONVERSION = YES;
				CLANG_WARN_OBJC_IMPLICIT_RETAIN_SELF = YES;
				CLANG_WARN_OBJC_LITERAL_CONVERSION = YES;
				CLANG_WARN_OBJC_ROOT_CLASS = YES_ERROR;
				CLANG_WARN_QUOTED_INCLUDE_IN_FRAMEWORK_HEADER = YES;
				CLANG_WARN_RANGE_LOOP_ANALYSIS = YES;
				CLANG_WARN_STRICT_PROTOTYPES = YES;
				CLANG_WARN_SUSPICIOUS_MOVE = YES;
				CLANG_WARN_UNGUARDED_AVAILABILITY = YES_AGGRESSIVE;
				CLANG_WARN_UNREACHABLE_CODE = YES;
				CLANG_WARN__DUPLICATE_METHOD_MATCH = YES;
				COPY_PHASE_STRIP = NO;
				DEBUG_INFORMATION_FORMAT = dwarf;
				ENABLE_STRICT_OBJC_MSGSEND = YES;
				ENABLE_TESTABILITY = YES;
				GCC_C_LANGUAGE_STANDARD = gnu11;
				GCC_DYNAMIC_NO_PIC = NO;
				GCC_NO_COMMON_BLOCKS = YES;
				GCC_OPTIMIZATION_LEVEL = 0;
				GCC_PREPROCESSOR_DEFINITIONS = (
					"DEBUG=1",
					"$(inherited)",
				);
				GCC_WARN_64_TO_32_BIT_CONVERSION = YES;
				GCC_WARN_ABOUT_RETURN_TYPE = YES_ERROR;
				GCC_WARN_UNDECLARED_SELECTOR = YES;
				GCC_WARN_UNINITIALIZED_AUTOS = YES_AGGRESSIVE;
				GCC_WARN_UNUSED_FUNCTION = YES;
				GCC_WARN_UNUSED_VARIABLE = YES;
				MTL_ENABLE_DEBUG_INFO = INCLUDE_SOURCE;
				MTL_FAST_MATH = YES;
				ONLY_ACTIVE_ARCH = YES;
				SWIFT_ACTIVE_COMPILATION_CONDITIONS = DEBUG;
				SWIFT_OPTIMIZATION_LEVEL = "-Onone";
			};
			name = Debug;
		};
		1A276F062A6C86E20037838A /* Release */ = {
			isa = XCBuildConfiguration;
			buildSettings = {
				ALWAYS_SEARCH_USER_PATHS = NO;
				CLANG_ANALYZER_NONNULL = YES;
				CLANG_ANALYZER_NUMBER_OBJECT_CONVERSION = YES_AGGRESSIVE;
				CLANG_CXX_LANGUAGE_STANDARD = "gnu++20";
				CLANG_ENABLE_MODULES = YES;
				CLANG_ENABLE_OBJC_ARC = YES;
				CLANG_ENABLE_OBJC_WEAK = YES;
				CLANG_WARN_BLOCK_CAPTURE_AUTORELEASING = YES;
				CLANG_WARN_BOOL_CONVERSION = YES;
				CLANG_WARN_COMMA = YES;
				CLANG_WARN_CONSTANT_CONVERSION = YES;
				CLANG_WARN_DEPRECATED_OBJC_IMPLEMENTATIONS = YES;
				CLANG_WARN_DIRECT_OBJC_ISA_USAGE = YES_ERROR;
				CLANG_WARN_DOCUMENTATION_COMMENTS = YES;
				CLANG_WARN_EMPTY_BODY = YES;
				CLANG_WARN_ENUM_CONVERSION = YES;
				CLANG_WARN_INFINITE_RECURSION = YES;
				CLANG_WARN_INT_CONVERSION = YES;
				CLANG_WARN_NON_LITERAL_NULL_CONVERSION = YES;
				CLANG_WARN_OBJC_IMPLICIT_RETAIN_SELF = YES;
				CLANG_WARN_OBJC_LITERAL_CONVERSION = YES;
				CLANG_WARN_OBJC_ROOT_CLASS = YES_ERROR;
				CLANG_WARN_QUOTED_INCLUDE_IN_FRAMEWORK_HEADER = YES;
				CLANG_WARN_RANGE_LOOP_ANALYSIS = YES;
				CLANG_WARN_STRICT_PROTOTYPES = YES;
				CLANG_WARN_SUSPICIOUS_MOVE = YES;
				CLANG_WARN_UNGUARDED_AVAILABILITY = YES_AGGRESSIVE;
				CLANG_WARN_UNREACHABLE_CODE = YES;
				CLANG_WARN__DUPLICATE_METHOD_MATCH = YES;
				COPY_PHASE_STRIP = NO;
				DEBUG_INFORMATION_FORMAT = "dwarf-with-dsym";
				ENABLE_NS_ASSERTIONS = NO;
				ENABLE_STRICT_OBJC_MSGSEND = YES;
				GCC_C_LANGUAGE_STANDARD = gnu11;
				GCC_NO_COMMON_BLOCKS = YES;
				GCC_WARN_64_TO_32_BIT_CONVERSION = YES;
				GCC_WARN_ABOUT_RETURN_TYPE = YES_ERROR;
				GCC_WARN_UNDECLARED_SELECTOR = YES;
				GCC_WARN_UNINITIALIZED_AUTOS = YES_AGGRESSIVE;
				GCC_WARN_UNUSED_FUNCTION = YES;
				GCC_WARN_UNUSED_VARIABLE = YES;
				MTL_ENABLE_DEBUG_INFO = NO;
				MTL_FAST_MATH = YES;
				SWIFT_COMPILATION_MODE = wholemodule;
				SWIFT_OPTIMIZATION_LEVEL = "-O";
			};
			name = Release;
		};
		1A276F082A6C86E20037838A /* Debug */ = {
			isa = XCBuildConfiguration;
			buildSettings = {
				ASSETCATALOG_COMPILER_APPICON_NAME = AppIcon;
				ASSETCATALOG_COMPILER_GLOBAL_ACCENT_COLOR_NAME = AccentColor;
				CODE_SIGN_STYLE = Automatic;
				CURRENT_PROJECT_VERSION = 1;
				DEVELOPMENT_ASSET_PATHS = "\"TrueSleep Alarm Watch App/Preview Content\"";
				ENABLE_PREVIEWS = YES;
				GENERATE_INFOPLIST_FILE = YES;
				INFOPLIST_KEY_CFBundleDisplayName = "TrueSleep Alarm";
				INFOPLIST_KEY_UISupportedInterfaceOrientations = "UIInterfaceOrientationPortrait UIInterfaceOrientationPortraitUpsideDown";
				INFOPLIST_KEY_WKWatchOnly = YES;
				LD_RUNPATH_SEARCH_PATHS = (
					"$(inherited)",
					"@executable_path/Frameworks",
				);
				MARKETING_VERSION = 1.0;
				PRODUCT_BUNDLE_IDENTIFIER = "TrueSleep.TrueSleep-Alarm.watchkitapp";
				PRODUCT_NAME = "$(TARGET_NAME)";
				SDKROOT = watchos;
				SKIP_INSTALL = YES;
				SWIFT_EMIT_LOC_STRINGS = YES;
				SWIFT_VERSION = 5.0;
				TARGETED_DEVICE_FAMILY = 4;
				WATCHOS_DEPLOYMENT_TARGET = 9.4;
			};
			name = Debug;
		};
		1A276F092A6C86E20037838A /* Release */ = {
			isa = XCBuildConfiguration;
			buildSettings = {
				ASSETCATALOG_COMPILER_APPICON_NAME = AppIcon;
				ASSETCATALOG_COMPILER_GLOBAL_ACCENT_COLOR_NAME = AccentColor;
				CODE_SIGN_STYLE = Automatic;
				CURRENT_PROJECT_VERSION = 1;
				DEVELOPMENT_ASSET_PATHS = "\"TrueSleep Alarm Watch App/Preview Content\"";
				ENABLE_PREVIEWS = YES;
				GENERATE_INFOPLIST_FILE = YES;
				INFOPLIST_KEY_CFBundleDisplayName = "TrueSleep Alarm";
				INFOPLIST_KEY_UISupportedInterfaceOrientations = "UIInterfaceOrientationPortrait UIInterfaceOrientationPortraitUpsideDown";
				INFOPLIST_KEY_WKWatchOnly = YES;
				LD_RUNPATH_SEARCH_PATHS = (
					"$(inherited)",
					"@executable_path/Frameworks",
				);
				MARKETING_VERSION = 1.0;
				PRODUCT_BUNDLE_IDENTIFIER = "TrueSleep.TrueSleep-Alarm.watchkitapp";
				PRODUCT_NAME = "$(TARGET_NAME)";
				SDKROOT = watchos;
				SKIP_INSTALL = YES;
				SWIFT_EMIT_LOC_STRINGS = YES;
				SWIFT_VERSION = 5.0;
				TARGETED_DEVICE_FAMILY = 4;
				VALIDATE_PRODUCT = YES;
				WATCHOS_DEPLOYMENT_TARGET = 9.4;
			};
			name = Release;
		};
		1A276F0C2A6C86E20037838A /* Debug */ = {
			isa = XCBuildConfiguration;
			buildSettings = {
				ALWAYS_EMBED_SWIFT_STANDARD_LIBRARIES = YES;
				CODE_SIGN_STYLE = Automatic;
				CURRENT_PROJECT_VERSION = 1;
				INFOPLIST_KEY_CFBundleDisplayName = "TrueSleep Alarm";
				MARKETING_VERSION = 1.0;
				PRODUCT_BUNDLE_IDENTIFIER = "TrueSleep.TrueSleep-Alarm";
				PRODUCT_NAME = "$(TARGET_NAME)";
				SDKROOT = iphoneos;
				SWIFT_VERSION = 5.0;
			};
			name = Debug;
		};
		1A276F0D2A6C86E20037838A /* Release */ = {
			isa = XCBuildConfiguration;
			buildSettings = {
				ALWAYS_EMBED_SWIFT_STANDARD_LIBRARIES = YES;
				CODE_SIGN_STYLE = Automatic;
				CURRENT_PROJECT_VERSION = 1;
				INFOPLIST_KEY_CFBundleDisplayName = "TrueSleep Alarm";
				MARKETING_VERSION = 1.0;
				PRODUCT_BUNDLE_IDENTIFIER = "TrueSleep.TrueSleep-Alarm";
				PRODUCT_NAME = "$(TARGET_NAME)";
				SDKROOT = iphoneos;
				SWIFT_VERSION = 5.0;
				VALIDATE_PRODUCT = YES;
			};
			name = Release;
		};
		1A276F0F2A6C86E20037838A /* Debug */ = {
			isa = XCBuildConfiguration;
			buildSettings = {
				ALWAYS_EMBED_SWIFT_STANDARD_LIBRARIES = YES;
				BUNDLE_LOADER = "$(TEST_HOST)";
				CODE_SIGN_STYLE = Automatic;
				CURRENT_PROJECT_VERSION = 1;
				GENERATE_INFOPLIST_FILE = YES;
				MARKETING_VERSION = 1.0;
				PRODUCT_BUNDLE_IDENTIFIER = "TrueSleep.TrueSleep-Alarm-Watch-AppTests";
				PRODUCT_NAME = "$(TARGET_NAME)";
				SDKROOT = watchos;
				SWIFT_EMIT_LOC_STRINGS = NO;
				SWIFT_VERSION = 5.0;
				TARGETED_DEVICE_FAMILY = 4;
				TEST_HOST = "$(BUILT_PRODUCTS_DIR)/TrueSleep Alarm Watch App.app/$(BUNDLE_EXECUTABLE_FOLDER_PATH)/TrueSleep Alarm Watch App";
				WATCHOS_DEPLOYMENT_TARGET = 9.4;
			};
			name = Debug;
		};
		1A276F102A6C86E20037838A /* Release */ = {
			isa = XCBuildConfiguration;
			buildSettings = {
				ALWAYS_EMBED_SWIFT_STANDARD_LIBRARIES = YES;
				BUNDLE_LOADER = "$(TEST_HOST)";
				CODE_SIGN_STYLE = Automatic;
				CURRENT_PROJECT_VERSION = 1;
				GENERATE_INFOPLIST_FILE = YES;
				MARKETING_VERSION = 1.0;
				PRODUCT_BUNDLE_IDENTIFIER = "TrueSleep.TrueSleep-Alarm-Watch-AppTests";
				PRODUCT_NAME = "$(TARGET_NAME)";
				SDKROOT = watchos;
				SWIFT_EMIT_LOC_STRINGS = NO;
				SWIFT_VERSION = 5.0;
				TARGETED_DEVICE_FAMILY = 4;
				TEST_HOST = "$(BUILT_PRODUCTS_DIR)/TrueSleep Alarm Watch App.app/$(BUNDLE_EXECUTABLE_FOLDER_PATH)/TrueSleep Alarm Watch App";
				VALIDATE_PRODUCT = YES;
				WATCHOS_DEPLOYMENT_TARGET = 9.4;
			};
			name = Release;
		};
		1A276F122A6C86E20037838A /* Debug */ = {
			isa = XCBuildConfiguration;
			buildSettings = {
				ALWAYS_EMBED_SWIFT_STANDARD_LIBRARIES = YES;
				CODE_SIGN_STYLE = Automatic;
				CURRENT_PROJECT_VERSION = 1;
				GENERATE_INFOPLIST_FILE = YES;
				MARKETING_VERSION = 1.0;
				PRODUCT_BUNDLE_IDENTIFIER = "TrueSleep.TrueSleep-Alarm-Watch-AppUITests";
				PRODUCT_NAME = "$(TARGET_NAME)";
				SDKROOT = watchos;
				SWIFT_EMIT_LOC_STRINGS = NO;
				SWIFT_VERSION = 5.0;
				TARGETED_DEVICE_FAMILY = 4;
				TEST_TARGET_NAME = "TrueSleep Alarm Watch App";
				WATCHOS_DEPLOYMENT_TARGET = 9.4;
			};
			name = Debug;
		};
		1A276F132A6C86E20037838A /* Release */ = {
			isa = XCBuildConfiguration;
			buildSettings = {
				ALWAYS_EMBED_SWIFT_STANDARD_LIBRARIES = YES;
				CODE_SIGN_STYLE = Automatic;
				CURRENT_PROJECT_VERSION = 1;
				GENERATE_INFOPLIST_FILE = YES;
				MARKETING_VERSION = 1.0;
				PRODUCT_BUNDLE_IDENTIFIER = "TrueSleep.TrueSleep-Alarm-Watch-AppUITests";
				PRODUCT_NAME = "$(TARGET_NAME)";
				SDKROOT = watchos;
				SWIFT_EMIT_LOC_STRINGS = NO;
				SWIFT_VERSION = 5.0;
				TARGETED_DEVICE_FAMILY = 4;
				TEST_TARGET_NAME = "TrueSleep Alarm Watch App";
				VALIDATE_PRODUCT = YES;
				WATCHOS_DEPLOYMENT_TARGET = 9.4;
			};
			name = Release;
		};
/* End XCBuildConfiguration section */

/* Begin XCConfigurationList section */
		1A276ED82A6C86DE0037838A /* Build configuration list for PBXProject "TrueSleep Alarm" */ = {
			isa = XCConfigurationList;
			buildConfigurations = (
				1A276F052A6C86E20037838A /* Debug */,
				1A276F062A6C86E20037838A /* Release */,
			);
			defaultConfigurationIsVisible = 0;
			defaultConfigurationName = Release;
		};
		1A276F072A6C86E20037838A /* Build configuration list for PBXNativeTarget "TrueSleep Alarm Watch App" */ = {
			isa = XCConfigurationList;
			buildConfigurations = (
				1A276F082A6C86E20037838A /* Debug */,
				1A276F092A6C86E20037838A /* Release */,
			);
			defaultConfigurationIsVisible = 0;
			defaultConfigurationName = Release;
		};
		1A276F0B2A6C86E20037838A /* Build configuration list for PBXNativeTarget "TrueSleep Alarm" */ = {
			isa = XCConfigurationList;
			buildConfigurations = (
				1A276F0C2A6C86E20037838A /* Debug */,
				1A276F0D2A6C86E20037838A /* Release */,
			);
			defaultConfigurationIsVisible = 0;
			defaultConfigurationName = Release;
		};
		1A276F0E2A6C86E20037838A /* Build configuration list for PBXNativeTarget "TrueSleep Alarm Watch AppTests" */ = {
			isa = XCConfigurationList;
			buildConfigurations = (
				1A276F0F2A6C86E20037838A /* Debug */,
				1A276F102A6C86E20037838A /* Release */,
			);
			defaultConfigurationIsVisible = 0;
			defaultConfigurationName = Release;
		};
		1A276F112A6C86E20037838A /* Build configuration list for PBXNativeTarget "TrueSleep Alarm Watch AppUITests" */ = {
			isa = XCConfigurationList;
			buildConfigurations = (
				1A276F122A6C86E20037838A /* Debug */,
				1A276F132A6C86E20037838A /* Release */,
			);
			defaultConfigurationIsVisible = 0;
			defaultConfigurationName = Release;
		};
/* End XCConfigurationList section */
	};
	rootObject = 1A276ED52A6C86DE0037838A /* Project object */;
}
